dependencies:
- name: redis
  repository: https://charts.bitnami.com/bitnami
  version: 17.9.3
- name: rabbitmq
  repository: https://charts.bitnami.com/bitnami
  version: 16.0.14
- name: postgresql
  repository: https://charts.bitnami.com/bitnami
  version: 18.4.0
- name: grafana
  repository: https://grafana.github.io/helm-charts
  version: 10.5.15
- name: loki
  repository: https://grafana.github.io/helm-charts
  version: 7.2.0
- name: tempo
  repository: https://grafana.github.io/helm-charts
  version: 1.24.4
- name: kube-prometheus-stack
  repository: https://prometheus-community.github.io/helm-charts
  version: 87.21.0
- name: opentelemetry-collector
  repository: https://open-telemetry.github.io/opentelemetry-helm-charts
  version: 0.165.0
digest: sha256:beb25683afd706e874d1e901a54a279b946ba330cd53e9f76455ce2fc9c21cff
generated: "2026-07-31T03:09:33.100283+05:00"
